
Microsoft Visual Studio Solution File, Format Version 12.00
# Visual Studio Version 17
VisualStudioVersion = 17.13.35919.96 d17.13
MinimumVisualStudioVersion = 10.0.40219.1
Project("{FAE04EC0-301F-11D3-BF4B-00C04F79EFBC}") = "Conversao", "Conversao\Conversao.csproj", "{657CB4F1-CD51-462E-8EB0-DDFA213E2F9F}"
EndProject
Global
	GlobalSection(SolutionConfigurationPlatforms) = preSolution
		Debug|Any CPU = Debug|Any CPU
		Release|Any CPU = Release|Any CPU
	EndGlobalSection
	GlobalSection(ProjectConfigurationPlatforms) = postSolution
		{657CB4F1-CD51-462E-8EB0-DDFA213E2F9F}.Debug|Any CPU.ActiveCfg = Debug|Any CPU
		{657CB4F1-CD51-462E-8EB0-DDFA213E2F9F}.Debug|Any CPU.Build.0 = Debug|Any CPU
		{657CB4F1-CD51-462E-8EB0-DDFA213E2F9F}.Release|Any CPU.ActiveCfg = Release|Any CPU
		{657CB4F1-CD51-462E-8EB0-DDFA213E2F9F}.Release|Any CPU.Build.0 = Release|Any CPU
	EndGlobalSection
	GlobalSection(SolutionProperties) = preSolution
		HideSolutionNode = FALSE
	EndGlobalSection
	GlobalSection(ExtensibilityGlobals) = postSolution
		SolutionGuid = {245EB4D0-1C79-44F2-AB0A-1E88D213FF48}
	EndGlobalSection
EndGlobal
