
Microsoft Visual Studio Solution File, Format Version 12.00
# Visual Studio Version 17
VisualStudioVersion = 17.13.35919.96 d17.13
MinimumVisualStudioVersion = 10.0.40219.1
Project("{FAE04EC0-301F-11D3-BF4B-00C04F79EFBC}") = "Operadores", "Operadores\Operadores.csproj", "{B230B939-EB2C-4ED8-8208-2CF05B6F6F79}"
EndProject
Global
	GlobalSection(SolutionConfigurationPlatforms) = preSolution
		Debug|Any CPU = Debug|Any CPU
		Release|Any CPU = Release|Any CPU
	EndGlobalSection
	GlobalSection(ProjectConfigurationPlatforms) = postSolution
		{B230B939-EB2C-4ED8-8208-2CF05B6F6F79}.Debug|Any CPU.ActiveCfg = Debug|Any CPU
		{B230B939-EB2C-4ED8-8208-2CF05B6F6F79}.Debug|Any CPU.Build.0 = Debug|Any CPU
		{B230B939-EB2C-4ED8-8208-2CF05B6F6F79}.Release|Any CPU.ActiveCfg = Release|Any CPU
		{B230B939-EB2C-4ED8-8208-2CF05B6F6F79}.Release|Any CPU.Build.0 = Release|Any CPU
	EndGlobalSection
	GlobalSection(SolutionProperties) = preSolution
		HideSolutionNode = FALSE
	EndGlobalSection
	GlobalSection(ExtensibilityGlobals) = postSolution
		SolutionGuid = {EB8E7723-9EFB-4982-97FA-207234F6EABB}
	EndGlobalSection
EndGlobal
