
Microsoft Visual Studio Solution File, Format Version 12.00
# Visual Studio Version 17
VisualStudioVersion = 17.13.35919.96 d17.13
MinimumVisualStudioVersion = 10.0.40219.1
Project("{FAE04EC0-301F-11D3-BF4B-00C04F79EFBC}") = "EntradaSaida", "EntradaSaida\EntradaSaida.csproj", "{4EC3C720-EFF6-4216-8A56-935C520D0864}"
EndProject
Global
	GlobalSection(SolutionConfigurationPlatforms) = preSolution
		Debug|Any CPU = Debug|Any CPU
		Release|Any CPU = Release|Any CPU
	EndGlobalSection
	GlobalSection(ProjectConfigurationPlatforms) = postSolution
		{4EC3C720-EFF6-4216-8A56-935C520D0864}.Debug|Any CPU.ActiveCfg = Debug|Any CPU
		{4EC3C720-EFF6-4216-8A56-935C520D0864}.Debug|Any CPU.Build.0 = Debug|Any CPU
		{4EC3C720-EFF6-4216-8A56-935C520D0864}.Release|Any CPU.ActiveCfg = Release|Any CPU
		{4EC3C720-EFF6-4216-8A56-935C520D0864}.Release|Any CPU.Build.0 = Release|Any CPU
	EndGlobalSection
	GlobalSection(SolutionProperties) = preSolution
		HideSolutionNode = FALSE
	EndGlobalSection
	GlobalSection(ExtensibilityGlobals) = postSolution
		SolutionGuid = {5A313401-CBB2-4994-840A-81C913FB09B7}
	EndGlobalSection
EndGlobal
